
Microsoft Visual Studio Solution File, Format Version 12.00
# Visual Studio 15
VisualStudioVersion = 15.0.28307.779
MinimumVisualStudioVersion = 10.0.40219.1
Project("{FAE04EC0-301F-11D3-BF4B-00C04F79EFBC}") = "WindowsFormsApp1", "WindowsFormsApp1\WindowsFormsApp1.csproj", "{ACEBB413-3124-45E1-81B3-EF3BD745B777}"
EndProject
Global
	GlobalSection(SolutionConfigurationPlatforms) = preSolution
		Debug|Any CPU = Debug|Any CPU
		Release|Any CPU = Release|Any CPU
	EndGlobalSection
	GlobalSection(ProjectConfigurationPlatforms) = postSolution
		{ACEBB413-3124-45E1-81B3-EF3BD745B777}.Debug|Any CPU.ActiveCfg = Debug|Any CPU
		{ACEBB413-3124-45E1-81B3-EF3BD745B777}.Debug|Any CPU.Build.0 = Debug|Any CPU
		{ACEBB413-3124-45E1-81B3-EF3BD745B777}.Release|Any CPU.ActiveCfg = Release|Any CPU
		{ACEBB413-3124-45E1-81B3-EF3BD745B777}.Release|Any CPU.Build.0 = Release|Any CPU
	EndGlobalSection
	GlobalSection(SolutionProperties) = preSolution
		HideSolutionNode = FALSE
	EndGlobalSection
	GlobalSection(ExtensibilityGlobals) = postSolution
		SolutionGuid = {311C9C9D-19E2-40F8-BE3A-B9CF1D7195FE}
	EndGlobalSection
EndGlobal
